// !$*UTF8*$!
{
	archiveVersion = 1;
	classes = {
	};
	objectVersion = 46;
	objects = {

/* Begin PBXBuildFile section */
		89DC90131E40907F00513143 /* AppDelegate.swift in Sources */ = {isa = PBXBuildFile; fileRef = 89DC90121E40907F00513143 /* AppDelegate.swift */; };
		89DC90151E40907F00513143 /* ViewController.swift in Sources */ = {isa = PBXBuildFile; fileRef = 89DC90141E40907F00513143 /* ViewController.swift */; };
		89DC90181E40907F00513143 /* Main.storyboard in Resources */ = {isa = PBXBuildFile; fileRef = 89DC90161E40907F00513143 /* Main.storyboard */; };
		89DC901A1E40907F00513143 /* Assets.xcassets in Resources */ = {isa = PBXBuildFile; fileRef = 89DC90191E40907F00513143 /* Assets.xcassets */; };
		89DC901D1E40907F00513143 /* LaunchScreen.storyboard in Resources */ = {isa = PBXBuildFile; fileRef = 89DC901B1E40907F00513143 /* LaunchScreen.storyboard */; };
		89DC90271E40916C00513143 /* ExampleTableViewCell.swift in Sources */ = {isa = PBXBuildFile; fileRef = 89DC90261E40916C00513143 /* ExampleTableViewCell.swift */; };
		89DC90291E409AA100513143 /* ExampleTableViewController.swift in Sources */ = {isa = PBXBuildFile; fileRef = 89DC90281E409AA100513143 /* ExampleTableViewController.swift */; };
/* End PBXBuildFile section */

/* Begin PBXFileReference section */
		89DC900F1E40907F00513143 /* TableViewWithTextFieldNextButton.app */ = {isa = PBXFileReference; explicitFileType = wrapper.application; includeInIndex = 0; path = TableViewWithTextFieldNextButton.app; sourceTree = BUILT_PRODUCTS_DIR; };
		89DC90121E40907F00513143 /* AppDelegate.swift */ = {isa = PBXFileReference; lastKnownFileType = sourcecode.swift; path = AppDelegate.swift; sourceTree = "<group>"; };
		89DC90141E40907F00513143 /* ViewController.swift */ = {isa = PBXFileReference; lastKnownFileType = sourcecode.swift; path = ViewController.swift; sourceTree = "<group>"; };
		89DC90171E40907F00513143 /* Base */ = {isa = PBXFileReference; lastKnownFileType = file.storyboard; name = Base; path = Base.lproj/Main.storyboard; sourceTree = "<group>"; };
		89DC90191E40907F00513143 /* Assets.xcassets */ = {isa = PBXFileReference; lastKnownFileType = folder.assetcatalog; path = Assets.xcassets; sourceTree = "<group>"; };
		89DC901C1E40907F00513143 /* Base */ = {isa = PBXFileReference; lastKnownFileType = file.storyboard; name = Base; path = Base.lproj/LaunchScreen.storyboard; sourceTree = "<group>"; };
		89DC901E1E40907F00513143 /* Info.plist */ = {isa = PBXFileReference; lastKnownFileType = text.plist.xml; path = Info.plist; sourceTree = "<group>"; };
		89DC90261E40916C00513143 /* ExampleTableViewCell.swift */ = {isa = PBXFileReference; fileEncoding = 4; lastKnownFileType = sourcecode.swift; path = ExampleTableViewCell.swift; sourceTree = "<group>"; };
		89DC90281E409AA100513143 /* ExampleTableViewController.swift */ = {isa = PBXFileReference; fileEncoding = 4; lastKnownFileType = sourcecode.swift; path = ExampleTableViewController.swift; sourceTree = "<group>"; };
/* End PBXFileReference section */

/* Begin PBXFrameworksBuildPhase section */
		89DC900C1E40907F00513143 /* Frameworks */ = {
			isa = PBXFrameworksBuildPhase;
			buildActionMask = 2147483647;
			files = (
			);
			runOnlyForDeploymentPostprocessing = 0;
		};
/* End PBXFrameworksBuildPhase section */

/* Begin PBXGroup section */
		89DC90061E40907F00513143 = {
			isa = PBXGroup;
			children = (
				89DC90111E40907F00513143 /* TableViewWithTextFieldNextButton */,
				89DC90101E40907F00513143 /* Products */,
			);
			sourceTree = "<group>";
		};
		89DC90101E40907F00513143 /* Products */ = {
			isa = PBXGroup;
			children = (
				89DC900F1E40907F00513143 /* TableViewWithTextFieldNextButton.app */,
			);
			name = Products;
			sourceTree = "<group>";
		};
		89DC90111E40907F00513143 /* TableViewWithTextFieldNextButton */ = {
			isa = PBXGroup;
			children = (
				89DC90121E40907F00513143 /* AppDelegate.swift */,
				89DC90281E409AA100513143 /* ExampleTableViewController.swift */,
				89DC90261E40916C00513143 /* ExampleTableViewCell.swift */,
				89DC90141E40907F00513143 /* ViewController.swift */,
				89DC90161E40907F00513143 /* Main.storyboard */,
				89DC90191E40907F00513143 /* Assets.xcassets */,
				89DC901B1E40907F00513143 /* LaunchScreen.storyboard */,
				89DC901E1E40907F00513143 /* Info.plist */,
			);
			path = TableViewWithTextFieldNextButton;
			sourceTree = "<group>";
		};
/* End PBXGroup section */

/* Begin PBXNativeTarget section */
		89DC900E1E40907F00513143 /* TableViewWithTextFieldNextButton */ = {
			isa = PBXNativeTarget;
			buildConfigurationList = 89DC90211E40907F00513143 /* Build configuration list for PBXNativeTarget "TableViewWithTextFieldNextButton" */;
			buildPhases = (
				89DC900B1E40907F00513143 /* Sources */,
				89DC900C1E40907F00513143 /* Frameworks */,
				89DC900D1E40907F00513143 /* Resources */,
			);
			buildRules = (
			);
			dependencies = (
			);
			name = TableViewWithTextFieldNextButton;
			productName = TableViewWithTextFieldNextButton;
			productReference = 89DC900F1E40907F00513143 /* TableViewWithTextFieldNextButton.app */;
			productType = "com.apple.product-type.application";
		};
/* End PBXNativeTarget section */

/* Begin PBXProject section */
		89DC90071E40907F00513143 /* Project object */ = {
			isa = PBXProject;
			attributes = {
				LastSwiftUpdateCheck = 0820;
				LastUpgradeCheck = 0820;
				ORGANIZATIONNAME = DutchVirtual;
				TargetAttributes = {
					89DC900E1E40907F00513143 = {
						CreatedOnToolsVersion = 8.2.1;
						DevelopmentTeam = MH8GQLL8BR;
						ProvisioningStyle = Automatic;
					};
				};
			};
			buildConfigurationList = 89DC900A1E40907F00513143 /* Build configuration list for PBXProject "TableViewWithTextFieldNextButton" */;
			compatibilityVersion = "Xcode 3.2";
			developmentRegion = English;
			hasScannedForEncodings = 0;
			knownRegions = (
				en,
				Base,
			);
			mainGroup = 89DC90061E40907F00513143;
			productRefGroup = 89DC90101E40907F00513143 /* Products */;
			projectDirPath = "";
			projectRoot = "";
			targets = (
				89DC900E1E40907F00513143 /* TableViewWithTextFieldNextButton */,
			);
		};
/* End PBXProject section */

/* Begin PBXResourcesBuildPhase section */
		89DC900D1E40907F00513143 /* Resources */ = {
			isa = PBXResourcesBuildPhase;
			buildActionMask = 2147483647;
			files = (
				89DC901D1E40907F00513143 /* LaunchScreen.storyboard in Resources */,
				89DC901A1E40907F00513143 /* Assets.xcassets in Resources */,
				89DC90181E40907F00513143 /* Main.storyboard in Resources */,
			);
			runOnlyForDeploymentPostprocessing = 0;
		};
/* End PBXResourcesBuildPhase section */

/* Begin PBXSourcesBuildPhase section */
		89DC900B1E40907F00513143 /* Sources */ = {
			isa = PBXSourcesBuildPhase;
			buildActionMask = 2147483647;
			files = (
				89DC90291E409AA100513143 /* ExampleTableViewController.swift in Sources */,
				89DC90271E40916C00513143 /* ExampleTableViewCell.swift in Sources */,
				89DC90151E40907F00513143 /* ViewController.swift in Sources */,
				89DC90131E40907F00513143 /* AppDelegate.swift in Sources */,
			);
			runOnlyForDeploymentPostprocessing = 0;
		};
/* End PBXSourcesBuildPhase section */

/* Begin PBXVariantGroup section */
		89DC90161E40907F00513143 /* Main.storyboard */ = {
			isa = PBXVariantGroup;
			children = (
				89DC90171E40907F00513143 /* Base */,
			);
			name = Main.storyboard;
			sourceTree = "<group>";
		};
		89DC901B1E40907F00513143 /* LaunchScreen.storyboard */ = {
			isa = PBXVariantGroup;
			children = (
				89DC901C1E40907F00513143 /* Base */,
			);
			name = LaunchScreen.storyboard;
			sourceTree = "<group>";
		};
/* End PBXVariantGroup section */

/* Begin XCBuildConfiguration section */
		89DC901F1E40907F00513143 /* Debug */ = {
			isa = XCBuildConfiguration;
			buildSettings = {
				ALWAYS_SEARCH_USER_PATHS = NO;
				CLANG_ANALYZER_NONNULL = YES;
				CLANG_CXX_LANGUAGE_STANDARD = "gnu++0x";
				CLANG_CXX_LIBRARY = "libc++";
				CLANG_ENABLE_MODULES = YES;
				CLANG_ENABLE_OBJC_ARC = YES;
				CLANG_WARN_BOOL_CONVERSION = YES;
				CLANG_WARN_CONSTANT_CONVERSION = YES;
				CLANG_WARN_DIRECT_OBJC_ISA_USAGE = YES_ERROR;
				CLANG_WARN_DOCUMENTATION_COMMENTS = YES;
				CLANG_WARN_EMPTY_BODY = YES;
				CLANG_WARN_ENUM_CONVERSION = YES;
				CLANG_WARN_INFINITE_RECURSION = YES;
				CLANG_WARN_INT_CONVERSION = YES;
				CLANG_WARN_OBJC_ROOT_CLASS = YES_ERROR;
				CLANG_WARN_SUSPICIOUS_MOVE = YES;
				CLANG_WARN_UNREACHABLE_CODE = YES;
				CLANG_WARN__DUPLICATE_METHOD_MATCH = YES;
				"CODE_SIGN_IDENTITY[sdk=iphoneos*]" = "iPhone Developer";
				COPY_PHASE_STRIP = NO;
				DEBUG_INFORMATION_FORMAT = dwarf;
				ENABLE_STRICT_OBJC_MSGSEND = YES;
				ENABLE_TESTABILITY = YES;
				GCC_C_LANGUAGE_STANDARD = gnu99;
				GCC_DYNAMIC_NO_PIC = NO;
				GCC_NO_COMMON_BLOCKS = YES;
				GCC_OPTIMIZATION_LEVEL = 0;
				GCC_PREPROCESSOR_DEFINITIONS = (
					"DEBUG=1",
					"$(inherited)",
				);
				GCC_WARN_64_TO_32_BIT_CONVERSION = YES;
				GCC_WARN_ABOUT_RETURN_TYPE = YES_ERROR;
				GCC_WARN_UNDECLARED_SELECTOR = YES;
				GCC_WARN_UNINITIALIZED_AUTOS = YES_AGGRESSIVE;
				GCC_WARN_UNUSED_FUNCTION = YES;
				GCC_WARN_UNUSED_VARIABLE = YES;
				IPHONEOS_DEPLOYMENT_TARGET = 10.2;
				MTL_ENABLE_DEBUG_INFO = YES;
				ONLY_ACTIVE_ARCH = YES;
				SDKROOT = iphoneos;
				SWIFT_ACTIVE_COMPILATION_CONDITIONS = DEBUG;
				SWIFT_OPTIMIZATION_LEVEL = "-Onone";
				TARGETED_DEVICE_FAMILY = "1,2";
			};
			name = Debug;
		};
		89DC90201E40907F00513143 /* Release */ = {
			isa = XCBuildConfiguration;
			buildSettings = {
				ALWAYS_SEARCH_USER_PATHS = NO;
				CLANG_ANALYZER_NONNULL = YES;
				CLANG_CXX_LANGUAGE_STANDARD = "gnu++0x";
				CLANG_CXX_LIBRARY = "libc++";
				CLANG_ENABLE_MODULES = YES;
				CLANG_ENABLE_OBJC_ARC = YES;
				CLANG_WARN_BOOL_CONVERSION = YES;
				CLANG_WARN_CONSTANT_CONVERSION = YES;
				CLANG_WARN_DIRECT_OBJC_ISA_USAGE = YES_ERROR;
				CLANG_WARN_DOCUMENTATION_COMMENTS = YES;
				CLANG_WARN_EMPTY_BODY = YES;
				CLANG_WARN_ENUM_CONVERSION = YES;
				CLANG_WARN_INFINITE_RECURSION = YES;
				CLANG_WARN_INT_CONVERSION = YES;
				CLANG_WARN_OBJC_ROOT_CLASS = YES_ERROR;
				CLANG_WARN_SUSPICIOUS_MOVE = YES;
				CLANG_WARN_UNREACHABLE_CODE = YES;
				CLANG_WARN__DUPLICATE_METHOD_MATCH = YES;
				"CODE_SIGN_IDENTITY[sdk=iphoneos*]" = "iPhone Developer";
				COPY_PHASE_STRIP = NO;
				DEBUG_INFORMATION_FORMAT = "dwarf-with-dsym";
				ENABLE_NS_ASSERTIONS = NO;
				ENABLE_STRICT_OBJC_MSGSEND = YES;
				GCC_C_LANGUAGE_STANDARD = gnu99;
				GCC_NO_COMMON_BLOCKS = YES;
				GCC_WARN_64_TO_32_BIT_CONVERSION = YES;
				GCC_WARN_ABOUT_RETURN_TYPE = YES_ERROR;
				GCC_WARN_UNDECLARED_SELECTOR = YES;
				GCC_WARN_UNINITIALIZED_AUTOS = YES_AGGRESSIVE;
				GCC_WARN_UNUSED_FUNCTION = YES;
				GCC_WARN_UNUSED_VARIABLE = YES;
				IPHONEOS_DEPLOYMENT_TARGET = 10.2;
				MTL_ENABLE_DEBUG_INFO = NO;
				SDKROOT = iphoneos;
				SWIFT_OPTIMIZATION_LEVEL = "-Owholemodule";
				TARGETED_DEVICE_FAMILY = "1,2";
				VALIDATE_PRODUCT = YES;
			};
			name = Release;
		};
		89DC90221E40907F00513143 /* Debug */ = {
			isa = XCBuildConfiguration;
			buildSettings = {
				ASSETCATALOG_COMPILER_APPICON_NAME = AppIcon;
				DEVELOPMENT_TEAM = MH8GQLL8BR;
				INFOPLIST_FILE = TableViewWithTextFieldNextButton/Info.plist;
				LD_RUNPATH_SEARCH_PATHS = "$(inherited) @executable_path/Frameworks";
				PRODUCT_BUNDLE_IDENTIFIER = nl.dutchvirtual.TableViewWithTextFieldNextButton;
				PRODUCT_NAME = "$(TARGET_NAME)";
				SWIFT_VERSION = 3.0;
			};
			name = Debug;
		};
		89DC90231E40907F00513143 /* Release */ = {
			isa = XCBuildConfiguration;
			buildSettings = {
				ASSETCATALOG_COMPILER_APPICON_NAME = AppIcon;
				DEVELOPMENT_TEAM = MH8GQLL8BR;
				INFOPLIST_FILE = TableViewWithTextFieldNextButton/Info.plist;
				LD_RUNPATH_SEARCH_PATHS = "$(inherited) @executable_path/Frameworks";
				PRODUCT_BUNDLE_IDENTIFIER = nl.dutchvirtual.TableViewWithTextFieldNextButton;
				PRODUCT_NAME = "$(TARGET_NAME)";
				SWIFT_VERSION = 3.0;
			};
			name = Release;
		};
/* End XCBuildConfiguration section */

/* Begin XCConfigurationList section */
		89DC900A1E40907F00513143 /* Build configuration list for PBXProject "TableViewWithTextFieldNextButton" */ = {
			isa = XCConfigurationList;
			buildConfigurations = (
				89DC901F1E40907F00513143 /* Debug */,
				89DC90201E40907F00513143 /* Release */,
			);
			defaultConfigurationIsVisible = 0;
			defaultConfigurationName = Release;
		};
		89DC90211E40907F00513143 /* Build configuration list for PBXNativeTarget "TableViewWithTextFieldNextButton" */ = {
			isa = XCConfigurationList;
			buildConfigurations = (
				89DC90221E40907F00513143 /* Debug */,
				89DC90231E40907F00513143 /* Release */,
			);
			defaultConfigurationIsVisible = 0;
		};
/* End XCConfigurationList section */
	};
	rootObject = 89DC90071E40907F00513143 /* Project object */;
}
